
Microsoft Visual Studio Solution File, Format Version 12.00
# Visual Studio Version 17
VisualStudioVersion = 17.12.35527.113
MinimumVisualStudioVersion = 10.0.40219.1
Project("{FAE04EC0-301F-11D3-BF4B-00C04F79EFBC}") = "VectorNotes.Server", "VectorNotes.Server\VectorNotes.Server.csproj", "{A69BEACF-443D-4C9D-BFE4-B2A7A32B1836}"
EndProject
Project("{54A90642-561A-4BB1-A94E-469ADEE60C69}") = "vectornotes.client", "vectornotes.client\vectornotes.client.esproj", "{60A6A738-6F12-4504-8E7D-2A5981D63BC9}"
EndProject
Project("{FAE04EC0-301F-11D3-BF4B-00C04F79EFBC}") = "VectorNotes.DomainModel", "VectorNotes.DomainModel\VectorNotes.DomainModel.csproj", "{4ECB14CB-8421-4D3D-8F72-DB91A79C51BF}"
EndProject
Project("{FAE04EC0-301F-11D3-BF4B-00C04F79EFBC}") = "VectorNotes.Data", "VectorNotes.Data\VectorNotes.Data.csproj", "{7B41EBA4-5960-4FCB-B50E-54D1ECA4AB94}"
EndProject
Global
	GlobalSection(SolutionConfigurationPlatforms) = preSolution
		Debug|Any CPU = Debug|Any CPU
		Release|Any CPU = Release|Any CPU
	EndGlobalSection
	GlobalSection(ProjectConfigurationPlatforms) = postSolution
		{A69BEACF-443D-4C9D-BFE4-B2A7A32B1836}.Debug|Any CPU.ActiveCfg = Debug|Any CPU
		{A69BEACF-443D-4C9D-BFE4-B2A7A32B1836}.Debug|Any CPU.Build.0 = Debug|Any CPU
		{A69BEACF-443D-4C9D-BFE4-B2A7A32B1836}.Release|Any CPU.ActiveCfg = Release|Any CPU
		{A69BEACF-443D-4C9D-BFE4-B2A7A32B1836}.Release|Any CPU.Build.0 = Release|Any CPU
		{60A6A738-6F12-4504-8E7D-2A5981D63BC9}.Debug|Any CPU.ActiveCfg = Debug|Any CPU
		{60A6A738-6F12-4504-8E7D-2A5981D63BC9}.Debug|Any CPU.Build.0 = Debug|Any CPU
		{60A6A738-6F12-4504-8E7D-2A5981D63BC9}.Debug|Any CPU.Deploy.0 = Debug|Any CPU
		{60A6A738-6F12-4504-8E7D-2A5981D63BC9}.Release|Any CPU.ActiveCfg = Release|Any CPU
		{60A6A738-6F12-4504-8E7D-2A5981D63BC9}.Release|Any CPU.Build.0 = Release|Any CPU
		{60A6A738-6F12-4504-8E7D-2A5981D63BC9}.Release|Any CPU.Deploy.0 = Release|Any CPU
		{4ECB14CB-8421-4D3D-8F72-DB91A79C51BF}.Debug|Any CPU.ActiveCfg = Debug|Any CPU
		{4ECB14CB-8421-4D3D-8F72-DB91A79C51BF}.Debug|Any CPU.Build.0 = Debug|Any CPU
		{4ECB14CB-8421-4D3D-8F72-DB91A79C51BF}.Release|Any CPU.ActiveCfg = Release|Any CPU
		{4ECB14CB-8421-4D3D-8F72-DB91A79C51BF}.Release|Any CPU.Build.0 = Release|Any CPU
		{7B41EBA4-5960-4FCB-B50E-54D1ECA4AB94}.Debug|Any CPU.ActiveCfg = Debug|Any CPU
		{7B41EBA4-5960-4FCB-B50E-54D1ECA4AB94}.Debug|Any CPU.Build.0 = Debug|Any CPU
		{7B41EBA4-5960-4FCB-B50E-54D1ECA4AB94}.Release|Any CPU.ActiveCfg = Release|Any CPU
		{7B41EBA4-5960-4FCB-B50E-54D1ECA4AB94}.Release|Any CPU.Build.0 = Release|Any CPU
	EndGlobalSection
	GlobalSection(SolutionProperties) = preSolution
		HideSolutionNode = FALSE
	EndGlobalSection
	GlobalSection(ExtensibilityGlobals) = postSolution
		SolutionGuid = {DC52BFFB-3302-4277-89D8-0AD1ADC9E65A}
	EndGlobalSection
EndGlobal
